{
  "name": "agentmux",
  "version": "0.1.0",
  "lockfileVersion": 3,
  "requires": true,
  "packages": {
    "": {
      "name": "agentmux",
      "version": "0.1.0",
      "license": "MIT",
      "bin": {
        "agentmux": "bin/agentmux.js"
      },
      "engines": {
        "node": ">=20"
      }
    }
  }
}
